
Microsoft Visual Studio Solution File, Format Version 12.00
# Visual Studio Version 17
VisualStudioVersion = 17.4.33213.308
MinimumVisualStudioVersion = 10.0.40219.1
Project("{9A19103F-16F7-4668-BE54-9A1E7A4F7556}") = "WebApplication1", "WebApplication1\WebApplication1.csproj", "{FDFD5238-31ED-422F-A4C5-64B834B5CA72}"
EndProject
Project("{FAE04EC0-301F-11D3-BF4B-00C04F79EFBC}") = "WebApplication2", "WebApplication2\WebApplication2.csproj", "{D77954BE-EBD8-413F-8BEA-B1B5E318A25D}"
EndProject
Global
	GlobalSection(SolutionConfigurationPlatforms) = preSolution
		Debug|Any CPU = Debug|Any CPU
		Release|Any CPU = Release|Any CPU
	EndGlobalSection
	GlobalSection(ProjectConfigurationPlatforms) = postSolution
		{FDFD5238-31ED-422F-A4C5-64B834B5CA72}.Debug|Any CPU.ActiveCfg = Debug|Any CPU
		{FDFD5238-31ED-422F-A4C5-64B834B5CA72}.Debug|Any CPU.Build.0 = Debug|Any CPU
		{FDFD5238-31ED-422F-A4C5-64B834B5CA72}.Release|Any CPU.ActiveCfg = Release|Any CPU
		{FDFD5238-31ED-422F-A4C5-64B834B5CA72}.Release|Any CPU.Build.0 = Release|Any CPU
		{D77954BE-EBD8-413F-8BEA-B1B5E318A25D}.Debug|Any CPU.ActiveCfg = Debug|Any CPU
		{D77954BE-EBD8-413F-8BEA-B1B5E318A25D}.Debug|Any CPU.Build.0 = Debug|Any CPU
		{D77954BE-EBD8-413F-8BEA-B1B5E318A25D}.Release|Any CPU.ActiveCfg = Release|Any CPU
		{D77954BE-EBD8-413F-8BEA-B1B5E318A25D}.Release|Any CPU.Build.0 = Release|Any CPU
	EndGlobalSection
	GlobalSection(SolutionProperties) = preSolution
		HideSolutionNode = FALSE
	EndGlobalSection
	GlobalSection(ExtensibilityGlobals) = postSolution
		SolutionGuid = {A23D8E88-6F89-4D62-A885-3836E5C54414}
	EndGlobalSection
EndGlobal
